
Microsoft Visual Studio Solution File, Format Version 12.00
# Visual Studio Version 17
VisualStudioVersion = 17.0.31612.314
MinimumVisualStudioVersion = 10.0.40219.1
Project("{FAE04EC0-301F-11D3-BF4B-00C04F79EFBC}") = "DotNetCoreApiPostgreSQL.Api", "DotNetCoreApiPostgreSQL.Api\DotNetCoreApiPostgreSQL.Api.csproj", "{D4C8079A-6A23-4BAE-BB01-4F35F9CF3BC0}"
EndProject
Global
	GlobalSection(SolutionConfigurationPlatforms) = preSolution
		Debug|Any CPU = Debug|Any CPU
		Release|Any CPU = Release|Any CPU
	EndGlobalSection
	GlobalSection(ProjectConfigurationPlatforms) = postSolution
		{D4C8079A-6A23-4BAE-BB01-4F35F9CF3BC0}.Debug|Any CPU.ActiveCfg = Debug|Any CPU
		{D4C8079A-6A23-4BAE-BB01-4F35F9CF3BC0}.Debug|Any CPU.Build.0 = Debug|Any CPU
		{D4C8079A-6A23-4BAE-BB01-4F35F9CF3BC0}.Release|Any CPU.ActiveCfg = Release|Any CPU
		{D4C8079A-6A23-4BAE-BB01-4F35F9CF3BC0}.Release|Any CPU.Build.0 = Release|Any CPU
	EndGlobalSection
	GlobalSection(SolutionProperties) = preSolution
		HideSolutionNode = FALSE
	EndGlobalSection
	GlobalSection(ExtensibilityGlobals) = postSolution
		SolutionGuid = {69B3B6DA-3BD9-49AE-8911-E94092A6A11C}
	EndGlobalSection
EndGlobal
